{
  "version": 1,
  "dependencies": {
    "net8.0-windows7.0": {
      "CredentialManagement": {
        "type": "Direct",
        "requested": "[1.0.2, )",
        "resolved": "1.0.2",
        "contentHash": "VkP04/jFXaxT3TkcRhzETYtOrznQxRmQ2J1XJdbXz47Bir7hIzPR7mFZk4GJQ4An4gozW+vonpf+iqTHomAkQw=="
      },
      "DuckDB.NET.Bindings.Full": {
        "type": "Direct",
        "requested": "[1.5.2, )",
        "resolved": "1.5.2",
        "contentHash": "VNr4jDqoLuT7PR3EbsfpVWvX+TLpaWFSEGRUdPOdQaRFK0teNOAhPoUfn9oM0JpRzQROWqV19017n7udypDcAg=="
      },
      "DuckDB.NET.Data": {
        "type": "Direct",
        "requested": "[1.5.2, )",
        "resolved": "1.5.2",
        "contentHash": "/bD/MOctFi4dU81igYSuYE9HM3RKZtJ4dtB6cTO6AnQmszlcefgo0dDk4Eb5Fs6sfuYwqPXNNMKxGkxZsLdzbg==",
        "dependencies": {
          "DuckDB.NET.Bindings": "1.5.2"
        }
      },
      "Hardcodet.NotifyIcon.Wpf": {
        "type": "Direct",
        "requested": "[2.0.1, )",
        "resolved": "2.0.1",
        "contentHash": "dtxmeZXzV2GzSm91aZ3hqzgoeVoARSkDPVCYfhVUNyyKBWYxMgNC0EcLiSYxD4Uc4alq/2qb3SmV8DgAENLRLQ=="
      },
      "Microsoft.Data.SqlClient": {
        "type": "Direct",
        "requested": "[7.0.1, )",
        "resolved": "7.0.1",
        "contentHash": "9jZFXAJ2ThNYK7lhj2RhH7klXVNaWSvZpQncq3bPIOjmHBrdjwgeO4c8wucUVxQwFT8rAA13Z2F2jzoYR7ICDw==",
        "dependencies": {
          "Microsoft.Bcl.Cryptography": "8.0.0",
          "Microsoft.Data.SqlClient.Extensions.Abstractions": "1.0.0",
          "Microsoft.Data.SqlClient.Internal.Logging": "1.0.0",
          "Microsoft.Data.SqlClient.SNI.runtime": "6.0.2",
          "Microsoft.Extensions.Caching.Memory": "8.0.1",
          "Microsoft.IdentityModel.JsonWebTokens": "8.16.0",
          "Microsoft.IdentityModel.Protocols.OpenIdConnect": "8.16.0",
          "Microsoft.SqlServer.Server": "1.0.0",
          "System.Configuration.ConfigurationManager": "8.0.1",
          "System.Security.Cryptography.Pkcs": "8.0.1"
        }
      },
      "Microsoft.Data.SqlClient.Extensions.Azure": {
        "type": "Direct",
        "requested": "[1.0.0, )",
        "resolved": "1.0.0",
        "contentHash": "Q1yVUvxh1Xu2I0eyLkBUJ/OI+YAqjO+HEWWrAzv1cAdSbVbaoa54uJZbFX8q6jFc1VtrHxZuNonISq9SKFXPfA==",
        "dependencies": {
          "Azure.Core": "1.51.1",
          "Azure.Identity": "1.18.0",
          "Microsoft.Data.SqlClient.Extensions.Abstractions": "1.0.0",
          "Microsoft.Data.SqlClient.Internal.Logging": "1.0.0",
          "Microsoft.Extensions.Caching.Memory": "8.0.1",
          "Microsoft.Identity.Client": "4.83.0"
        }
      },
      "Microsoft.Extensions.Hosting": {
        "type": "Direct",
        "requested": "[10.0.7, )",
        "resolved": "10.0.7",
        "contentHash": "M/vBpfWcschvS2EUeq7cHfscsxabiGTptXwV7GeSueovGiSoNjyo1j5PMcWuOAAQrRW3nRqxZk8NeumrmpzUBg==",
        "dependencies": {
          "Microsoft.Extensions.Configuration": "10.0.7",
          "Microsoft.Extensions.Configuration.Abstractions": "10.0.7",
          "Microsoft.Extensions.Configuration.Binder": "10.0.7",
          "Microsoft.Extensions.Configuration.CommandLine": "10.0.7",
          "Microsoft.Extensions.Configuration.EnvironmentVariables": "10.0.7",
          "Microsoft.Extensions.Configuration.FileExtensions": "10.0.7",
          "Microsoft.Extensions.Configuration.Json": "10.0.7",
          "Microsoft.Extensions.Configuration.UserSecrets": "10.0.7",
          "Microsoft.Extensions.DependencyInjection": "10.0.7",
          "Microsoft.Extensions.DependencyInjection.Abstractions": "10.0.7",
          "Microsoft.Extensions.Diagnostics": "10.0.7",
          "Microsoft.Extensions.FileProviders.Abstractions": "10.0.7",
          "Microsoft.Extensions.FileProviders.Physical": "10.0.7",
          "Microsoft.Extensions.Hosting.Abstractions": "10.0.7",
          "Microsoft.Extensions.Logging": "10.0.7",
          "Microsoft.Extensions.Logging.Abstractions": "10.0.7",
          "Microsoft.Extensions.Logging.Configuration": "10.0.7",
          "Microsoft.Extensions.Logging.Console": "10.0.7",
          "Microsoft.Extensions.Logging.Debug": "10.0.7",
          "Microsoft.Extensions.Logging.EventLog": "10.0.7",
          "Microsoft.Extensions.Logging.EventSource": "10.0.7",
          "Microsoft.Extensions.Options": "10.0.7"
        }
      },
      "Microsoft.Extensions.Logging": {
        "type": "Direct",
        "requested": "[10.0.7, )",
        "resolved": "10.0.7",
        "contentHash": "hOeRIQ63GkgiYCB/MIFp+LQs8aXpJXpB55t6Aj37ab7t2/6WeFcPXxYM9hdy/o5tffzwf8mhqzLJP6mjGYCxjw==",
        "dependencies": {
          "Microsoft.Extensions.DependencyInjection": "10.0.7",
          "Microsoft.Extensions.Logging.Abstractions": "10.0.7",
          "Microsoft.Extensions.Options": "10.0.7"
        }
      },
      "ModelContextProtocol": {
        "type": "Direct",
        "requested": "[1.2.0, )",
        "resolved": "1.2.0",
        "contentHash": "8lHIp8EY8faMFwDL+JynpFOeFZdsEE/Kxq8XMVfaA+RmQyNWjoWyvNXNQtWzVq+lDUlHLBx0ozerByNfcrciCw==",
        "dependencies": {
          "Microsoft.Extensions.Caching.Abstractions": "10.0.5",
          "Microsoft.Extensions.Hosting.Abstractions": "10.0.5",
          "ModelContextProtocol.Core": "1.2.0"
        }
      },
      "ModelContextProtocol.AspNetCore": {
        "type": "Direct",
        "requested": "[1.2.0, )",
        "resolved": "1.2.0",
        "contentHash": "tVDFKdRCcVz7YTApJ8SV2K5Tt3nor6RcnEkjSbC0X9y3qtp6BCYubRWJcd2ByZ+jIbJG8P34UOaIEbWyVQSLMw==",
        "dependencies": {
          "ModelContextProtocol": "1.2.0"
        }
      },
      "ScottPlot.WPF": {
        "type": "Direct",
        "requested": "[5.1.58, )",
        "resolved": "5.1.58",
        "contentHash": "BL6MecJPyhllqSYsM5N9SfrrVEdgkRSyDu3lYSeiFq4dGgS0obuoGEbRiXgJq5PAZWixo+6Hcxaz5OEwElC8aQ==",
        "dependencies": {
          "OpenTK": "4.9.4",
          "OpenTK.GLWpfControl": "4.3.3",
          "ScottPlot": "5.1.58",
          "SkiaSharp.Views.WPF": "3.119.0"
        }
      },
      "System.Text.Json": {
        "type": "Direct",
        "requested": "[10.0.7, )",
        "resolved": "10.0.7",
        "contentHash": "F8Pu2QLUMeniVbtiyk7n7LCfFYxlcJ8ASaSwglJyq6dxa34iCQrikQszsgJClIJWuSWjcyhKkV7daAzYJqeVwA==",
        "dependencies": {
          "System.IO.Pipelines": "10.0.7",
          "System.Text.Encodings.Web": "10.0.7"
        }
      },
      "Velopack": {
        "type": "Direct",
        "requested": "[0.0.1298, )",
        "resolved": "0.0.1298",
        "contentHash": "PJ6Nm28qJ4ChsHYzgHUJ8g+DGyyHes2+bwxY709+znMhgi8fMp8M1FTF8x6pZMjnsPCWVwoMlxVEyq0NLeRZtA==",
        "dependencies": {
          "NuGet.Versioning": "6.14.0"
        }
      },
      "Azure.Core": {
        "type": "Transitive",
        "resolved": "1.51.1",
        "contentHash": "JRANrRvN5O5FFRh+pMUb8qqWU7jBQ39qXEbVr7Rkb1/s7rqc6RSzVHKGBz5Ro1gDy2WSGjG5YEOJKpPIBiCMcA==",
        "dependencies": {
          "Microsoft.Bcl.AsyncInterfaces": "10.0.2",
          "System.ClientModel": "1.9.0",
          "System.Memory.Data": "10.0.1"
        }
      },
      "Azure.Identity": {
        "type": "Transitive",
        "resolved": "1.18.0",
        "contentHash": "HiTpL2XRANXSPyrIkaq7eNDthi99UFbbJwMfpkkbVcdo3Au6yl3vPNWveoa4nO24JTcwyyXATZHn+eVnrVAWEQ==",
        "dependencies": {
          "Azure.Core": "1.51.1",
          "Microsoft.Extensions.Configuration.Abstractions": "10.0.3",
          "Microsoft.Extensions.Hosting.Abstractions": "10.0.3",
          "Microsoft.Identity.Client": "4.78.0",
          "Microsoft.Identity.Client.Extensions.Msal": "4.78.0"
        }
      },
      "DuckDB.NET.Bindings": {
        "type": "Transitive",
        "resolved": "1.5.2",
        "contentHash": "opMkp8rGpTrCqM5eYCh0laHul7+O/nkzZinG7DurkScQdg7/UbeduL2lK0t5BVPlRNaIGz573wv/wDXUTMSVqw=="
      },
      "HarfBuzzSharp": {
        "type": "Transitive",
        "resolved": "8.3.1.1",
        "contentHash": "tLZN66oe/uiRPTZfrCU4i8ScVGwqHNh5MHrXj0yVf4l7Mz0FhTGnQ71RGySROTmdognAs0JtluHkL41pIabWuQ==",
        "dependencies": {
          "HarfBuzzSharp.NativeAssets.Win32": "8.3.1.1",
          "HarfBuzzSharp.NativeAssets.macOS": "8.3.1.1"
        }
      },
      "HarfBuzzSharp.NativeAssets.Linux": {
        "type": "Transitive",
        "resolved": "8.3.1.1",
        "contentHash": "3EZ1mpIiKWRLL5hUYA82ZHteeDIVaEA/Z0rA/wU6tjx6crcAkJnBPwDXZugBSfo8+J3EznvRJf49uMsqYfKrHg=="
      },
      "HarfBuzzSharp.NativeAssets.macOS": {
        "type": "Transitive",
        "resolved": "8.3.1.1",
        "contentHash": "jbtCsgftcaFLCA13tVKo5iWdElJScrulLTKJre36O4YQTIlwDtPPqhRZNk+Y0vv4D1gxbscasGRucUDfS44ofQ=="
      },
      "HarfBuzzSharp.NativeAssets.Win32": {
        "type": "Transitive",
        "resolved": "8.3.1.1",
        "contentHash": "UsJtQsfAJoFDZrXc4hCUfRPMqccfKZ0iumJ/upcUjz/cmsTgVFGNEL5yaJWmkqsuFYdMWbj/En5/kS4PFl9hBA=="
      },
      "Microsoft.Bcl.AsyncInterfaces": {
        "type": "Transitive",
        "resolved": "10.0.2",
        "contentHash": "qE5JhRoeJbAipLqpUCZyNfNwnpAvUttXgIQDnTiJ15d8ji+/bPgoPkB3xLzK5cQTobN2D2ditUesUlDHb7p3Pg=="
      },
      "Microsoft.Bcl.Cryptography": {
        "type": "Transitive",
        "resolved": "8.0.0",
        "contentHash": "Y3t/c7C5XHJGFDnohjf1/9SYF3ZOfEU1fkNQuKg/dGf9hN18yrQj2owHITGfNS3+lKJdW6J4vY98jYu57jCO8A=="
      },
      "Microsoft.Data.SqlClient.Extensions.Abstractions": {
        "type": "Transitive",
        "resolved": "1.0.0",
        "contentHash": "rlnxc0KfwDSbE8ZHntFnl8SCgOa9QtJZblMv2zXLhRwl1Je7fsdsVzxSjzzC4JMsfAK+jXJWyezRB8SxUY4BdA==",
        "dependencies": {
          "Microsoft.Data.SqlClient.Internal.Logging": "1.0.0"
        }
      },
      "Microsoft.Data.SqlClient.Internal.Logging": {
        "type": "Transitive",
        "resolved": "1.0.0",
        "contentHash": "Kue/7CF8KNT9zozfr30C94dMZVZml3atqWZvQemSXvTau76tRdypzeKiBKXadqgbOME0UiQIyVTNo5WxCRNVNg=="
      },
      "Microsoft.Data.SqlClient.SNI.runtime": {
        "type": "Transitive",
        "resolved": "6.0.2",
        "contentHash": "f+pRODTWX7Y67jXO3T5S2dIPZ9qMJNySjlZT/TKmWVNWe19N8jcWmHaqHnnchaq3gxEKv1SWVY5EFzOD06l41w=="
      },
      "Microsoft.Extensions.AI.Abstractions": {
        "type": "Transitive",
        "resolved": "10.4.1",
        "contentHash": "ZxhU/wg9BOc3ohibhLl18toPLWm96ysQoE+3OhCgrZ0TUPZd7bsUmGteeatz08yweyuPIEhtyUzEZTF+3bMWEQ==",
        "dependencies": {
          "System.Text.Json": "10.0.4"
        }
      },
      "Microsoft.Extensions.Caching.Abstractions": {
        "type": "Transitive",
        "resolved": "10.0.5",
        "contentHash": "k/QDdQ94/0Shi0KfU+e12m73jfQo+3JpErTtgpZfsCIqkvdEEO0XIx6R+iTbN55rNPaNhOqNY4/sB+jZ8XxVPw==",
        "dependencies": {
          "Microsoft.Extensions.Primitives": "10.0.5"
        }
      },
      "Microsoft.Extensions.Caching.Memory": {
        "type": "Transitive",
        "resolved": "8.0.1",
        "contentHash": "HFDnhYLccngrzyGgHkjEDU5FMLn4MpOsr5ElgsBMC4yx6lJh4jeWO7fHS8+TXPq+dgxCmUa/Trl8svObmwW4QA==",
        "dependencies": {
          "Microsoft.Extensions.Caching.Abstractions": "8.0.0",
          "Microsoft.Extensions.DependencyInjection.Abstractions": "8.0.2",
          "Microsoft.Extensions.Logging.Abstractions": "8.0.2",
          "Microsoft.Extensions.Options": "8.0.2",
          "Microsoft.Extensions.Primitives": "8.0.0"
        }
      },
      "Microsoft.Extensions.Configuration": {
        "type": "Transitive",
        "resolved": "10.0.7",
        "contentHash": "wZbGh7J8R1vXN525O6d8dlcDTxhRTnd5MyW4LdfP5S0tSnTwTCseYSrq6g0Mxh7W9xn8P/2xPuf0D/m6k2dy2w==",
        "dependencies": {
          "Microsoft.Extensions.Configuration.Abstractions": "10.0.7",
          "Microsoft.Extensions.Primitives": "10.0.7"
        }
      },
      "Microsoft.Extensions.Configuration.Abstractions": {
        "type": "Transitive",
        "resolved": "10.0.7",
        "contentHash": "t56nEgvECcyLPojZIUFWJknQQDAbgfTf9J+QMYJE1YYvVgz69vN6B/AKL8Grvj3Lcnp8kTpNqwmwFhb3YLJmtQ==",
        "dependencies": {
          "Microsoft.Extensions.Primitives": "10.0.7"
        }
      },
      "Microsoft.Extensions.Configuration.Binder": {
        "type": "Transitive",
        "resolved": "10.0.7",
        "contentHash": "8bS1qIaRivny+WX+49pmeJ6iAylbtX8C0DLEcCQWZjdxQvLqaMssXiGD9P/6pYElrHbK5/nAHmjbQ8STqdMYeg==",
        "dependencies": {
          "Microsoft.Extensions.Configuration": "10.0.7",
          "Microsoft.Extensions.Configuration.Abstractions": "10.0.7"
        }
      },
      "Microsoft.Extensions.Configuration.CommandLine": {
        "type": "Transitive",
        "resolved": "10.0.7",
        "contentHash": "3lNjglxfFxOzI9zG+3HSg/YSGqo//8Fqw6u6iuIamZb4JCorbA3JLaeWOpfKTAPi2UJwaispOXWx14dUqcGz4A==",
        "dependencies": {
          "Microsoft.Extensions.Configuration": "10.0.7",
          "Microsoft.Extensions.Configuration.Abstractions": "10.0.7"
        }
      },
      "Microsoft.Extensions.Configuration.EnvironmentVariables": {
        "type": "Transitive",
        "resolved": "10.0.7",
        "contentHash": "TWto3imA+mJMLZI+5sbgLiFFoOFNFkizQYNaC5jTuiHKn3diwm1RN7mWDOEZN9kG2bixw7IvgpvtUG5/teSRzA==",
        "dependencies": {
          "Microsoft.Extensions.Configuration": "10.0.7",
          "Microsoft.Extensions.Configuration.Abstractions": "10.0.7"
        }
      },
      "Microsoft.Extensions.Configuration.FileExtensions": {
        "type": "Transitive",
        "resolved": "10.0.7",
        "contentHash": "qbZLvLsoTdArSloEnSxs21P781YUmwVmHc5NJPQD/ezAreQ7884z+6QfAZVKi86WAZtzx83jK2uC4itxOM44gQ==",
        "dependencies": {
          "Microsoft.Extensions.Configuration": "10.0.7",
          "Microsoft.Extensions.Configuration.Abstractions": "10.0.7",
          "Microsoft.Extensions.FileProviders.Abstractions": "10.0.7",
          "Microsoft.Extensions.FileProviders.Physical": "10.0.7",
          "Microsoft.Extensions.Primitives": "10.0.7"
        }
      },
      "Microsoft.Extensions.Configuration.Json": {
        "type": "Transitive",
        "resolved": "10.0.7",
        "contentHash": "64dimvyyKk0dbUbrLg/YCv4ugJ4sVz2aXLwfvZwR1EC4tJqW9ru/oVRcXwoJRa2lQGXtYtlpk4maWOeIb48tQw==",
        "dependencies": {
          "Microsoft.Extensions.Configuration": "10.0.7",
          "Microsoft.Extensions.Configuration.Abstractions": "10.0.7",
          "Microsoft.Extensions.Configuration.FileExtensions": "10.0.7",
          "Microsoft.Extensions.FileProviders.Abstractions": "10.0.7",
          "System.Text.Json": "10.0.7"
        }
      },
      "Microsoft.Extensions.Configuration.UserSecrets": {
        "type": "Transitive",
        "resolved": "10.0.7",
        "contentHash": "YqVIICoIdl0016wkeO2WQS+uEbEXbUhMLKdC5rZNl1X3nu59F+nwaAHdHjq/4OK+Cx31DYmNUSFh+MUot8qSDw==",
        "dependencies": {
          "Microsoft.Extensions.Configuration.Abstractions": "10.0.7",
          "Microsoft.Extensions.Configuration.Json": "10.0.7",
          "Microsoft.Extensions.FileProviders.Abstractions": "10.0.7",
          "Microsoft.Extensions.FileProviders.Physical": "10.0.7"
        }
      },
      "Microsoft.Extensions.DependencyInjection": {
        "type": "Transitive",
        "resolved": "10.0.7",
        "contentHash": "91F/o3emPV/+xY/ip3s2LqDNF14kjttlVtq0BXgg6p4MnCzeSZxnUJm+t6WRrtD3JdGo88/oX+z7OwK4y8PZuw==",
        "dependencies": {
          "Microsoft.Extensions.DependencyInjection.Abstractions": "10.0.7"
        }
      },
      "Microsoft.Extensions.DependencyInjection.Abstractions": {
        "type": "Transitive",
        "resolved": "10.0.7",
        "contentHash": "Z6mfFEaFcwCfSboxJwOLfu7/31npCY9q70WUamHW/vRQhDvBKOT4Vf9YkZj5J6hLvJpb0oDEYfHunQZj0xxvKw=="
      },
      "Microsoft.Extensions.Diagnostics": {
        "type": "Transitive",
        "resolved": "10.0.7",
        "contentHash": "l+smp1qPlU0OUXD0OGfdp7OUFrbdq7ZaP5T7m2WpfZ4RFKD7iG73BAT7tjSMxNmbSXkhAn1jYHOAqzYG1r9sNg==",
        "dependencies": {
          "Microsoft.Extensions.Configuration": "10.0.7",
          "Microsoft.Extensions.Diagnostics.Abstractions": "10.0.7",
          "Microsoft.Extensions.Options.ConfigurationExtensions": "10.0.7"
        }
      },
      "Microsoft.Extensions.Diagnostics.Abstractions": {
        "type": "Transitive",
        "resolved": "10.0.7",
        "contentHash": "uJ9JP677y+uy+C0vtaSfi7XXgFAdz8DhU3M9lwwIXDfQKcyQ0yxM9DVYa0NXDtdVTYA2eBUtVFZ8LY0GCdeE/w==",
        "dependencies": {
          "Microsoft.Extensions.DependencyInjection.Abstractions": "10.0.7",
          "Microsoft.Extensions.Options": "10.0.7",
          "System.Diagnostics.DiagnosticSource": "10.0.7"
        }
      },
      "Microsoft.Extensions.FileProviders.Abstractions": {
        "type": "Transitive",
        "resolved": "10.0.7",
        "contentHash": "teioDgVpi8L186wUfrXQV1YuBt6lCSPmFZiMZo53+FZxHFjOV+f4GXo4LXgJ273Mku9//AdXWVjk9J7eJP6inw==",
        "dependencies": {
          "Microsoft.Extensions.Primitives": "10.0.7"
        }
      },
      "Microsoft.Extensions.FileProviders.Physical": {
        "type": "Transitive",
        "resolved": "10.0.7",
        "contentHash": "zhgWg/i0ECj5v0jLFBSZHplvc5ygCI91DR4nne+BP4XAKF5ycz0pEKnFiTw8C1jCABJEZsnBZh6pXAvn71kFmw==",
        "dependencies": {
          "Microsoft.Extensions.FileProviders.Abstractions": "10.0.7",
          "Microsoft.Extensions.FileSystemGlobbing": "10.0.7",
          "Microsoft.Extensions.Primitives": "10.0.7"
        }
      },
      "Microsoft.Extensions.FileSystemGlobbing": {
        "type": "Transitive",
        "resolved": "10.0.7",
        "contentHash": "NTUspqB+vH9g4wAD6KPOBx01xqYuKXR/cHXm449zpbq1GqfjdAxBmg7eJXrNsPw7SKwIdT2cJ05GxYVvc+lvsA=="
      },
      "Microsoft.Extensions.Hosting.Abstractions": {
        "type": "Transitive",
        "resolved": "10.0.7",
        "contentHash": "5s8d6qC6EA8UOI4wR/+zlsq7SXttJMRb9d7zvVZ7+bE3CQEfVtC9ITUDCommm87R1zzj6WJBbCnztuIJXnP3DA==",
        "dependencies": {
          "Microsoft.Extensions.Configuration.Abstractions": "10.0.7",
          "Microsoft.Extensions.DependencyInjection.Abstractions": "10.0.7",
          "Microsoft.Extensions.Diagnostics.Abstractions": "10.0.7",
          "Microsoft.Extensions.FileProviders.Abstractions": "10.0.7",
          "Microsoft.Extensions.Logging.Abstractions": "10.0.7"
        }
      },
      "Microsoft.Extensions.Logging.Abstractions": {
        "type": "Transitive",
        "resolved": "10.0.7",
        "contentHash": "tIEcQ2gvERrH2KiCjdsVcHGhXt9lIsuDStfOIeZWr7/fP8IXhGiYfx0/80PNI7WPO2IYuFtlZLSlnTS8+/Mchw==",
        "dependencies": {
          "Microsoft.Extensions.DependencyInjection.Abstractions": "10.0.7",
          "System.Diagnostics.DiagnosticSource": "10.0.7"
        }
      },
      "Microsoft.Extensions.Logging.Configuration": {
        "type": "Transitive",
        "resolved": "10.0.7",
        "contentHash": "7BBnoGF37USiu7j434put9mDp7EjdlNDIZsR4vHfC1FbLZeLqiWjgJbeEtF0p59Ryqt8AtraHawf0ZKbe5jibg==",
        "dependencies": {
          "Microsoft.Extensions.Configuration": "10.0.7",
          "Microsoft.Extensions.Configuration.Abstractions": "10.0.7",
          "Microsoft.Extensions.Configuration.Binder": "10.0.7",
          "Microsoft.Extensions.DependencyInjection.Abstractions": "10.0.7",
          "Microsoft.Extensions.Logging": "10.0.7",
          "Microsoft.Extensions.Logging.Abstractions": "10.0.7",
          "Microsoft.Extensions.Options": "10.0.7",
          "Microsoft.Extensions.Options.ConfigurationExtensions": "10.0.7"
        }
      },
      "Microsoft.Extensions.Logging.Console": {
        "type": "Transitive",
        "resolved": "10.0.7",
        "contentHash": "DA++Es6v6W0HfrOrw+K8WyN6jNnZHp640PDdEvl8yfeVmgflKdn6vSSFvufNUSOuY+M2ZaSUgfY+jUKtNpXcCw==",
        "dependencies": {
          "Microsoft.Extensions.DependencyInjection.Abstractions": "10.0.7",
          "Microsoft.Extensions.Logging": "10.0.7",
          "Microsoft.Extensions.Logging.Abstractions": "10.0.7",
          "Microsoft.Extensions.Logging.Configuration": "10.0.7",
          "Microsoft.Extensions.Options": "10.0.7",
          "System.Text.Json": "10.0.7"
        }
      },
      "Microsoft.Extensions.Logging.Debug": {
        "type": "Transitive",
        "resolved": "10.0.7",
        "contentHash": "Y6DSt/JZApunYWKqTtqbdsR6iqAvHx3D0tavbNJ1rnC24MUpF+3XO/VKgFi+9PFqMyvQ2GHBBGb8H3cLSw7rDg==",
        "dependencies": {
          "Microsoft.Extensions.DependencyInjection.Abstractions": "10.0.7",
          "Microsoft.Extensions.Logging": "10.0.7",
          "Microsoft.Extensions.Logging.Abstractions": "10.0.7"
        }
      },
      "Microsoft.Extensions.Logging.EventLog": {
        "type": "Transitive",
        "resolved": "10.0.7",
        "contentHash": "1C8eTuxF6BLncNSJ1HCfmaBcjpUSqQDPlBVdYTlet9oldHTPpNh9iatxSJLs8TOqdp/FOpH+nSLdBve7fu9mTQ==",
        "dependencies": {
          "Microsoft.Extensions.DependencyInjection.Abstractions": "10.0.7",
          "Microsoft.Extensions.Logging": "10.0.7",
          "Microsoft.Extensions.Logging.Abstractions": "10.0.7",
          "Microsoft.Extensions.Options": "10.0.7",
          "System.Diagnostics.EventLog": "10.0.7"
        }
      },
      "Microsoft.Extensions.Logging.EventSource": {
        "type": "Transitive",
        "resolved": "10.0.7",
        "contentHash": "YWfndnDX1jVMGCN8d5T+rO+BO8sDw6BkYlUk0BYui+WP7+HhlWx8QLdA4yUDjrkGVb3AQxIWWEPVKw5Nnfj5GQ==",
        "dependencies": {
          "Microsoft.Extensions.DependencyInjection.Abstractions": "10.0.7",
          "Microsoft.Extensions.Logging": "10.0.7",
          "Microsoft.Extensions.Logging.Abstractions": "10.0.7",
          "Microsoft.Extensions.Options": "10.0.7",
          "Microsoft.Extensions.Primitives": "10.0.7",
          "System.Text.Json": "10.0.7"
        }
      },
      "Microsoft.Extensions.Options": {
        "type": "Transitive",
        "resolved": "10.0.7",
        "contentHash": "00SHUGTh2jSMvIr6x9Xwd2nE+B5/qFCO/9hDwUDhJsjYRDlADmaBZ7tqehXzBDsfjHSXJzuRHJzPYPPjphBQ7Q==",
        "dependencies": {
          "Microsoft.Extensions.DependencyInjection.Abstractions": "10.0.7",
          "Microsoft.Extensions.Primitives": "10.0.7"
        }
      },
      "Microsoft.Extensions.Options.ConfigurationExtensions": {
        "type": "Transitive",
        "resolved": "10.0.7",
        "contentHash": "IT7f+EMXZtkjatEcF+o6aOw/7OE4etRrMiDGEWH/iiTu2R3uhC4NEQJCfHiibtX45U3sIQ5Fh6tbb1qaOz3YAg==",
        "dependencies": {
          "Microsoft.Extensions.Configuration.Abstractions": "10.0.7",
          "Microsoft.Extensions.Configuration.Binder": "10.0.7",
          "Microsoft.Extensions.DependencyInjection.Abstractions": "10.0.7",
          "Microsoft.Extensions.Options": "10.0.7",
          "Microsoft.Extensions.Primitives": "10.0.7"
        }
      },
      "Microsoft.Extensions.Primitives": {
        "type": "Transitive",
        "resolved": "10.0.7",
        "contentHash": "D5M0Jr551iTgwkZMN9rm0pSkgNLj5quUWQUmQPMZh7k/bnvZTnXRGfE2KuvXf1EEjt/ofD9yw9IumpgdP9QCnw=="
      },
      "Microsoft.Identity.Client": {
        "type": "Transitive",
        "resolved": "4.83.0",
        "contentHash": "eiirunq8tuQW1KKqi7BcD+jR6/Ge/wDt11HW6K9dTGdqS6TUuA81PtPIy1gijarEOaMBeHEPWuAiRyLUO4M87Q==",
        "dependencies": {
          "Microsoft.IdentityModel.Abstractions": "8.14.0",
          "System.Diagnostics.DiagnosticSource": "6.0.1",
          "System.ValueTuple": "4.5.0"
        }
      },
      "Microsoft.Identity.Client.Extensions.Msal": {
        "type": "Transitive",
        "resolved": "4.78.0",
        "contentHash": "DYU9o+DrDQuyZxeq91GBA9eNqBvA3ZMkLzQpF7L9dTk6FcIBM1y1IHXWqiKXTvptPF7CZE59upbyUoa+FJ5eiA==",
        "dependencies": {
          "Microsoft.Identity.Client": "4.78.0",
          "System.Security.Cryptography.ProtectedData": "4.5.0"
        }
      },
      "Microsoft.IdentityModel.Abstractions": {
        "type": "Transitive",
        "resolved": "8.16.0",
        "contentHash": "gSxKLWRZzBpIsEoeUPkxfywNCCvRvl7hkq146XHPk5vOQc9izSf1I+uL1vh4y2U19QPxd9Z8K/8AdWyxYz2lSg=="
      },
      "Microsoft.IdentityModel.JsonWebTokens": {
        "type": "Transitive",
        "resolved": "8.16.0",
        "contentHash": "prBU72cIP4V8E9fhN+o/YdskTsLeIcnKPbhZf0X6mD7fdxoZqnS/NdEkSr+9Zp+2q7OZBOMfNBKGbTbhXODO4w==",
        "dependencies": {
          "Microsoft.IdentityModel.Tokens": "8.16.0"
        }
      },
      "Microsoft.IdentityModel.Logging": {
        "type": "Transitive",
        "resolved": "8.16.0",
        "contentHash": "MTzXmETkNQPACR7/XCXM1OGM6oU9RkyibqeJRtO9Ndew2LnGjMf9Atqj2VSf4XC27X0FQycUAlzxxEgQMWn2xQ==",
        "dependencies": {
          "Microsoft.IdentityModel.Abstractions": "8.16.0"
        }
      },
      "Microsoft.IdentityModel.Protocols": {
        "type": "Transitive",
        "resolved": "8.16.0",
        "contentHash": "UFrU7d46UTsPQTa2HIEIpB9H1uJe1BW9FLw5uhEJ2ZuKdur8bcUA/bO5caq5dlBt5gNJeRIB3QQXYNs5fCQCZA==",
        "dependencies": {
          "Microsoft.IdentityModel.Tokens": "8.16.0"
        }
      },
      "Microsoft.IdentityModel.Protocols.OpenIdConnect": {
        "type": "Transitive",
        "resolved": "8.16.0",
        "contentHash": "h4yVXyJsEBBX5lg2G5ftMsi5JzcNEGAzrNphA6DQ6eOd8P0s+cDCOyPwVTYLePZvJL5unbPvYIvzrbTXzFjXnQ==",
        "dependencies": {
          "Microsoft.IdentityModel.Protocols": "8.16.0",
          "System.IdentityModel.Tokens.Jwt": "8.16.0"
        }
      },
      "Microsoft.IdentityModel.Tokens": {
        "type": "Transitive",
        "resolved": "8.16.0",
        "contentHash": "rtViGJcGsN7WcfUNErwNeQgjuU5cJNl6FDQsfi9TncwO+Epzn0FTfBsg3YuFW1Q0Ch/KPxaVdjLw3/+5Z5ceFQ==",
        "dependencies": {
          "Microsoft.Extensions.Logging.Abstractions": "8.0.0",
          "Microsoft.IdentityModel.Logging": "8.16.0"
        }
      },
      "Microsoft.SqlServer.Server": {
        "type": "Transitive",
        "resolved": "1.0.0",
        "contentHash": "N4KeF3cpcm1PUHym1RmakkzfkEv3GRMyofVv40uXsQhCQeglr2OHNcUk2WOG51AKpGO8ynGpo9M/kFXSzghwug=="
      },
      "ModelContextProtocol.Core": {
        "type": "Transitive",
        "resolved": "1.2.0",
        "contentHash": "x0eQqFKtV30nWP6yVy0d/3RnAKwM14ay1CHnUNb7EpwZEXJJJqjPENYvpzwqi8+8LNMMK/g33WnnLYIf1JGMOg==",
        "dependencies": {
          "Microsoft.Extensions.AI.Abstractions": "10.4.1",
          "Microsoft.Extensions.Logging.Abstractions": "10.0.5",
          "System.IO.Pipelines": "10.0.5",
          "System.Net.ServerSentEvents": "10.0.5"
        }
      },
      "NuGet.Versioning": {
        "type": "Transitive",
        "resolved": "6.14.0",
        "contentHash": "4v4blkhCv8mpKtfx+z0G/X0daVCzdIaHSC51GkUspugi5JIMn2Bo8xm5PdZYF0U68gOBfz/+aPWMnpRd85Jbow=="
      },
      "OpenTK": {
        "type": "Transitive",
        "resolved": "4.9.4",
        "contentHash": "fp9ZI6akO4ZuIGzuUE0QRU5zRJhXbSXa5racehFoTdvodhRDecXCOcH68mRsZaMwnxLO9ECnf2LGM9BmiJKvhw==",
        "dependencies": {
          "OpenTK.Audio.OpenAL": "4.9.4",
          "OpenTK.Compute": "4.9.4",
          "OpenTK.Core": "4.9.4",
          "OpenTK.Graphics": "4.9.4",
          "OpenTK.Input": "4.9.4",
          "OpenTK.Mathematics": "4.9.4",
          "OpenTK.Windowing.Common": "4.9.4",
          "OpenTK.Windowing.Desktop": "4.9.4",
          "OpenTK.Windowing.GraphicsLibraryFramework": "4.9.4"
        }
      },
      "OpenTK.Audio.OpenAL": {
        "type": "Transitive",
        "resolved": "4.9.4",
        "contentHash": "N/SCeFrLJ3ckUbshyfsonbtjmDxh55urGiR+Fe1iPkTWyEW5OKfQRoIOZyjEva/4eRqOXdt3bV2ka4IJ2+JvZw==",
        "dependencies": {
          "OpenTK.Core": "[4.9.4, 4.10.0)",
          "OpenTK.Mathematics": "[4.9.4, 4.10.0)"
        }
      },
      "OpenTK.Compute": {
        "type": "Transitive",
        "resolved": "4.9.4",
        "contentHash": "30G+/9mtrUJwX5xcRyz2qcujQ2s+wDm+C7qg6jDsLyGWUdND3j/vD+nlQ6tuKuAow51zWduFVujPkaS8VrBinQ=="
      },
      "OpenTK.Core": {
        "type": "Transitive",
        "resolved": "4.9.4",
        "contentHash": "/4Mn3ABf1xNfHMzDFUapVY2K4PG3oP/oWTQJlK0JacT20HwsNe/HPIAhnAJWz27EM3ukOJDtqyQRukvQKqkcLw=="
      },
      "OpenTK.GLWpfControl": {
        "type": "Transitive",
        "resolved": "4.3.3",
        "contentHash": "mbKt+ZApqYk/Ym4Ph0dnI+hfSnyXn/gWW6Ys6l3C+fMlgXLYaWpbQ+/3yNm6G1lJ3vteXGxtoMJPFYlaXi/tQw==",
        "dependencies": {
          "OpenTK": "[4.8.2, 5.0.0)"
        }
      },
      "OpenTK.Graphics": {
        "type": "Transitive",
        "resolved": "4.9.4",
        "contentHash": "yZeq5swIsRnNzifVA9fLtl+qMAQvmYiF1b7U/XQLARmmU4PYQ23lPNahqAdD22XzA21ew7eG3yDyPLkYw+hDBA==",
        "dependencies": {
          "OpenTK.Core": "[4.9.4, 4.10.0)",
          "OpenTK.Mathematics": "[4.9.4, 4.10.0)"
        }
      },
      "OpenTK.Input": {
        "type": "Transitive",
        "resolved": "4.9.4",
        "contentHash": "njbC7fySQEK30rjOQ1uRjlycEkLw+UVoPT3nRQ8uBPNLotDgr47NEcPEjmJyX1ll+pm/wmtcvJIYHBRi1HbOqg=="
      },
      "OpenTK.Mathematics": {
        "type": "Transitive",
        "resolved": "4.9.4",
        "contentHash": "2ucF25RVJzdSLXUHgjAgB058gVfSgerrR5pLCn9J+Bnyqi45NrBfPu9wyTT35ZCjYwLJCu/HJMnzKFLjq+uFIA==",
        "dependencies": {
          "System.Runtime.CompilerServices.Unsafe": "6.0.0"
        }
      },
      "OpenTK.redist.glfw": {
        "type": "Transitive",
        "resolved": "3.4.0.44",
        "contentHash": "HEjbdk0wWxSRrXHl3DSmrA8trecndgJpAHHloJJ1vPseNfeu/ynmrH/LturU1KguRn4r3IzZ81UIp5xRjnyahg=="
      },
      "OpenTK.Windowing.Common": {
        "type": "Transitive",
        "resolved": "4.9.4",
        "contentHash": "xNjvKjoptAh6w5/YYIx/9sNv3/A2VVlTahlekTlLP+qfNyig+0jBuLHO4bWELWZ7Ta3Y1m/2Pvk0Z1KCG8VZOA==",
        "dependencies": {
          "OpenTK.Core": "[4.9.4, 4.10.0)",
          "OpenTK.Mathematics": "[4.9.4, 4.10.0)"
        }
      },
      "OpenTK.Windowing.Desktop": {
        "type": "Transitive",
        "resolved": "4.9.4",
        "contentHash": "LBX4jwCneISIBST2vWYLI8cdR8tLwHNcswK1decElbTAXMB+H6uFIoF41ld+af4q3TsHpjR5fyP2ilbTK3T0rA==",
        "dependencies": {
          "OpenTK.Core": "[4.9.4, 4.10.0)",
          "OpenTK.Mathematics": "[4.9.4, 4.10.0)",
          "OpenTK.Windowing.Common": "[4.9.4, 4.10.0)",
          "OpenTK.Windowing.GraphicsLibraryFramework": "[4.9.4, 4.10.0)"
        }
      },
      "OpenTK.Windowing.GraphicsLibraryFramework": {
        "type": "Transitive",
        "resolved": "4.9.4",
        "contentHash": "wNlxnPrD7veMV8EGTTi/sCDeg5V8w/18vC0aw0Ao69eNneD7YSq9Ad+C389rVA957eHNR6Xieu/5qzHQeEOyxQ==",
        "dependencies": {
          "OpenTK.Core": "[4.9.4, 4.10.0)",
          "OpenTK.redist.glfw": "3.4.0.44"
        }
      },
      "ScottPlot": {
        "type": "Transitive",
        "resolved": "5.1.58",
        "contentHash": "prikNmFbV+z2ruXYmE06yYlnHQfuYzhPrrj30SvcUkRXfdiC07A+2LBSYhuSMaRFCHvgRKo6gXjfwHzhOW8ASg==",
        "dependencies": {
          "HarfBuzzSharp.NativeAssets.Linux": "8.3.1.1",
          "SkiaSharp": "3.119.0",
          "SkiaSharp.HarfBuzz": "3.119.0",
          "SkiaSharp.NativeAssets.Linux.NoDependencies": "3.119.0"
        }
      },
      "SkiaSharp": {
        "type": "Transitive",
        "resolved": "3.119.0",
        "contentHash": "gR9yVoOta2Mc1Rxt15LD65AckfHMfwjIs/3kkD59C9bT2nYYISsE6uz3t4aMPNHA6CgsIL0Ssn+jE5OVilZ1yw==",
        "dependencies": {
          "SkiaSharp.NativeAssets.Win32": "3.119.0",
          "SkiaSharp.NativeAssets.macOS": "3.119.0"
        }
      },
      "SkiaSharp.HarfBuzz": {
        "type": "Transitive",
        "resolved": "3.119.0",
        "contentHash": "5ocGzl+RYEZFnUPUbModshnEFvKTku4hTtOBsLvy5MCK2KAHjq5Nw2+uAVUx79Rjh0z8fTojT6ZVav8MJgW0ug==",
        "dependencies": {
          "HarfBuzzSharp": "8.3.1.1",
          "SkiaSharp": "3.119.0"
        }
      },
      "SkiaSharp.NativeAssets.Linux.NoDependencies": {
        "type": "Transitive",
        "resolved": "3.119.0",
        "contentHash": "e92vdqf1VOETPjy1T67Fs1zPxfGMM1nbrpt69GM5foXSI/iIbq6L9avPz/bl/DbWtb81D0yF/NKjRmXuOZoLcg=="
      },
      "SkiaSharp.NativeAssets.macOS": {
        "type": "Transitive",
        "resolved": "3.119.0",
        "contentHash": "YE1vNn0Nyw2PWtv7hw1PYkKJO0itFiQp9vSqGppZUKzQJqwp28a2jgdCMPfYtOiR8KCnDgZqQoynqJRRaE2ZVg=="
      },
      "SkiaSharp.NativeAssets.Win32": {
        "type": "Transitive",
        "resolved": "3.119.0",
        "contentHash": "IwC9yx36lOdXVT2DjgmWHl1qkVspfj8ctd4+li8CNnvqdfaTolXCOh6TLznURcPAvzatx9K/tLOB7zT6T8EA9w=="
      },
      "SkiaSharp.Views.Desktop.Common": {
        "type": "Transitive",
        "resolved": "3.119.0",
        "contentHash": "KST7Q3n+X5BhDj1aKTJXk9tITWWznveka9n+pBjOtE53Omc+wlZR0s4fQStybWCVVaWG9eaeOMaw93J3zEMklA==",
        "dependencies": {
          "SkiaSharp": "3.119.0"
        }
      },
      "SkiaSharp.Views.WPF": {
        "type": "Transitive",
        "resolved": "3.119.0",
        "contentHash": "1Dmj9RlBW/gvmJwSUER+N9plA/kcWOgiL5g3q2DB+USVQav8rQtfOZIQZ1Wt/AqhwepOacv1M6pZKDWtXmwDAg==",
        "dependencies": {
          "OpenTK": "3.3.1",
          "OpenTK.GLWpfControl": "3.3.0",
          "SkiaSharp": "3.119.0",
          "SkiaSharp.Views.Desktop.Common": "3.119.0"
        }
      },
      "System.ClientModel": {
        "type": "Transitive",
        "resolved": "1.9.0",
        "contentHash": "1wdwKtMMMEFEYsxJmtrOd3G+7zVOVO3MlVZAsbKv9H0PnIx6J27fYAarMn0eQS0vKJPQL018DOb7YRK1O97p0A==",
        "dependencies": {
          "Microsoft.Extensions.Configuration.Abstractions": "10.0.2",
          "Microsoft.Extensions.Hosting.Abstractions": "10.0.2",
          "Microsoft.Extensions.Logging.Abstractions": "10.0.2",
          "System.Memory.Data": "10.0.1"
        }
      },
      "System.Configuration.ConfigurationManager": {
        "type": "Transitive",
        "resolved": "8.0.1",
        "contentHash": "gPYFPDyohW2gXNhdQRSjtmeS6FymL2crg4Sral1wtvEJ7DUqFCDWDVbbLobASbzxfic8U1hQEdC7hmg9LHncMw==",
        "dependencies": {
          "System.Diagnostics.EventLog": "8.0.1",
          "System.Security.Cryptography.ProtectedData": "8.0.0"
        }
      },
      "System.Diagnostics.DiagnosticSource": {
        "type": "Transitive",
        "resolved": "10.0.7",
        "contentHash": "Fu6AxFf9bHz/Q7DQmxKC0o+UgFes8bs2Xh+PH/x31yExRAOASTwlzjZsISTtqVU5gQshKHLZopxEBTaIyfv0wg=="
      },
      "System.Diagnostics.EventLog": {
        "type": "Transitive",
        "resolved": "10.0.7",
        "contentHash": "WbmDLeTPYhEzXhvYVioTVn/D1XX6bovyny9n5p8Zxtf03+eY385RB818teZm6n+fA63iZNvng0/Np4tLuhkMhQ=="
      },
      "System.IdentityModel.Tokens.Jwt": {
        "type": "Transitive",
        "resolved": "8.16.0",
        "contentHash": "rrs2u7DRMXQG2yh0oVyF/vLwosfRv20Ld2iEpYcKwQWXHjfV+gFXNQsQ9p008kR9Ou4pxBs68Q6/9zC8Gi1wjg==",
        "dependencies": {
          "Microsoft.IdentityModel.JsonWebTokens": "8.16.0",
          "Microsoft.IdentityModel.Tokens": "8.16.0"
        }
      },
      "System.IO.Pipelines": {
        "type": "Transitive",
        "resolved": "10.0.7",
        "contentHash": "LTxXYYKmRhPKWveYmfzuRTUnzsfY7CN+WOq6aTRgYE9vJ8BUvIWPCaSx4HxqBwXViTPSjR9cHDOVuVPuZGRR/Q=="
      },
      "System.Memory.Data": {
        "type": "Transitive",
        "resolved": "10.0.1",
        "contentHash": "BZC4mhdL569AXV56ep9YO6ShjhxFXGP7SwVX0Bc/e0dJPWnS6aBEXZJXqh64RVx8HquqWHkJUINBydLRQ1yq0g==",
        "dependencies": {
          "System.Text.Json": "10.0.1"
        }
      },
      "System.Net.ServerSentEvents": {
        "type": "Transitive",
        "resolved": "10.0.5",
        "contentHash": "UoULUVbDR5hoCPiC5j+DPPKS3sWQ72DFTrQ5yw+wCxLUO9tsJ9mfGRnnPo5rG8gsROgH5t6rCnTtp7GN3bSGmw=="
      },
      "System.Runtime.CompilerServices.Unsafe": {
        "type": "Transitive",
        "resolved": "6.0.0",
        "contentHash": "/iUeP3tq1S0XdNNoMz5C9twLSrM/TH+qElHkXWaPvuNOt+99G75NrV0OS2EqHx5wMN7popYjpc8oTjC1y16DLg=="
      },
      "System.Security.Cryptography.Pkcs": {
        "type": "Transitive",
        "resolved": "8.0.1",
        "contentHash": "CoCRHFym33aUSf/NtWSVSZa99dkd0Hm7OCZUxORBjRB16LNhIEOf8THPqzIYlvKM0nNDAPTRBa1FxEECrgaxxA=="
      },
      "System.Security.Cryptography.ProtectedData": {
        "type": "Transitive",
        "resolved": "8.0.0",
        "contentHash": "+TUFINV2q2ifyXauQXRwy4CiBhqvDEDZeVJU7qfxya4aRYOKzVBpN+4acx25VcPB9ywUN6C0n8drWl110PhZEg=="
      },
      "System.Text.Encodings.Web": {
        "type": "Transitive",
        "resolved": "10.0.7",
        "contentHash": "WUH+viO8VDG8NpFKvOBwpeyKUiPOMz3kQpA6AKCD4b2NG1pBhyC4AwTb357iZmTxZDnkM4IsFnvzN8W8OKmsHg=="
      },
      "System.ValueTuple": {
        "type": "Transitive",
        "resolved": "4.5.0",
        "contentHash": "okurQJO6NRE/apDIP23ajJ0hpiNmJ+f0BwOlB/cSqTLQlw5upkf+5+96+iG2Jw40G1fCVCyPz/FhIABUjMR+RQ=="
      },
      "performancemonitor.collectors": {
        "type": "Project",
        "dependencies": {
          "Microsoft.Data.SqlClient": "[7.0.1, )"
        }
      }
    }
  }
}